// !$*UTF8*$!
{
	archiveVersion = 1;
	classes = {
	};
	objectVersion = 46;
	objects = {

/* Begin PBXBuildFile section */
		3105251A1E09793600E463A9 /* QJBaseViewController.m in Sources */ = {isa = PBXBuildFile; fileRef = 310525191E09793600E463A9 /* QJBaseViewController.m */; };
		3105251D1E09797900E463A9 /* QJNavigationViewController.m in Sources */ = {isa = PBXBuildFile; fileRef = 3105251C1E09797900E463A9 /* QJNavigationViewController.m */; };
		310525201E0979DD00E463A9 /* QJTabBarController.m in Sources */ = {isa = PBXBuildFile; fileRef = 3105251F1E0979DD00E463A9 /* QJTabBarController.m */; };
		310525231E097A2600E463A9 /* FirstViewController.m in Sources */ = {isa = PBXBuildFile; fileRef = 310525221E097A2600E463A9 /* FirstViewController.m */; };
		310525261E097A3700E463A9 /* ForthViewController.m in Sources */ = {isa = PBXBuildFile; fileRef = 310525251E097A3700E463A9 /* ForthViewController.m */; };
		310525291E097B9200E463A9 /* SecondViewController.m in Sources */ = {isa = PBXBuildFile; fileRef = 310525281E097B9200E463A9 /* SecondViewController.m */; };
		3105252C1E097B9C00E463A9 /* ThiedViewController.m in Sources */ = {isa = PBXBuildFile; fileRef = 3105252B1E097B9C00E463A9 /* ThiedViewController.m */; };
		31E458EB1E096D8B00511D2B /* main.m in Sources */ = {isa = PBXBuildFile; fileRef = 31E458EA1E096D8B00511D2B /* main.m */; };
		31E458EE1E096D8B00511D2B /* AppDelegate.m in Sources */ = {isa = PBXBuildFile; fileRef = 31E458ED1E096D8B00511D2B /* AppDelegate.m */; };
		31E458F11E096D8B00511D2B /* ViewController.m in Sources */ = {isa = PBXBuildFile; fileRef = 31E458F01E096D8B00511D2B /* ViewController.m */; };
		31E458F41E096D8B00511D2B /* Main.storyboard in Resources */ = {isa = PBXBuildFile; fileRef = 31E458F21E096D8B00511D2B /* Main.storyboard */; };
		31E458F71E096D8B00511D2B /* JinDaoProject.xcdatamodeld in Sources */ = {isa = PBXBuildFile; fileRef = 31E458F51E096D8B00511D2B /* JinDaoProject.xcdatamodeld */; };
		31E458F91E096D8B00511D2B /* Assets.xcassets in Resources */ = {isa = PBXBuildFile; fileRef = 31E458F81E096D8B00511D2B /* Assets.xcassets */; };
		31E458FC1E096D8B00511D2B /* LaunchScreen.storyboard in Resources */ = {isa = PBXBuildFile; fileRef = 31E458FA1E096D8B00511D2B /* LaunchScreen.storyboard */; };
		31E459071E096D8B00511D2B /* JinDaoProjectTests.m in Sources */ = {isa = PBXBuildFile; fileRef = 31E459061E096D8B00511D2B /* JinDaoProjectTests.m */; };
		31E459121E096D8B00511D2B /* JinDaoProjectUITests.m in Sources */ = {isa = PBXBuildFile; fileRef = 31E459111E096D8B00511D2B /* JinDaoProjectUITests.m */; };
		5ECECF0E8E1BED7AAEC906DD /* libPods-JinDaoProject.a in Frameworks */ = {isa = PBXBuildFile; fileRef = C97137A352E06540913B3E69 /* libPods-JinDaoProject.a */; };
/* End PBXBuildFile section */

/* Begin PBXContainerItemProxy section */
		31E459031E096D8B00511D2B /* PBXContainerItemProxy */ = {
			isa = PBXContainerItemProxy;
			containerPortal = 31E458DE1E096D8B00511D2B /* Project object */;
			proxyType = 1;
			remoteGlobalIDString = 31E458E51E096D8B00511D2B;
			remoteInfo = JinDaoProject;
		};
		31E4590E1E096D8B00511D2B /* PBXContainerItemProxy */ = {
			isa = PBXContainerItemProxy;
			containerPortal = 31E458DE1E096D8B00511D2B /* Project object */;
			proxyType = 1;
			remoteGlobalIDString = 31E458E51E096D8B00511D2B;
			remoteInfo = JinDaoProject;
		};
/* End PBXContainerItemProxy section */

/* Begin PBXFileReference section */
		27CFFBC833D9D4575F6F9F20 /* Pods-JinDaoProject.debug.xcconfig */ = {isa = PBXFileReference; includeInIndex = 1; lastKnownFileType = text.xcconfig; name = "Pods-JinDaoProject.debug.xcconfig"; path = "Pods/Target Support Files/Pods-JinDaoProject/Pods-JinDaoProject.debug.xcconfig"; sourceTree = "<group>"; };
		310525181E09793600E463A9 /* QJBaseViewController.h */ = {isa = PBXFileReference; fileEncoding = 4; lastKnownFileType = sourcecode.c.h; path = QJBaseViewController.h; sourceTree = "<group>"; };
		310525191E09793600E463A9 /* QJBaseViewController.m */ = {isa = PBXFileReference; fileEncoding = 4; lastKnownFileType = sourcecode.c.objc; path = QJBaseViewController.m; sourceTree = "<group>"; };
		3105251B1E09797900E463A9 /* QJNavigationViewController.h */ = {isa = PBXFileReference; fileEncoding = 4; lastKnownFileType = sourcecode.c.h; path = QJNavigationViewController.h; sourceTree = "<group>"; };
		3105251C1E09797900E463A9 /* QJNavigationViewController.m */ = {isa = PBXFileReference; fileEncoding = 4; lastKnownFileType = sourcecode.c.objc; path = QJNavigationViewController.m; sourceTree = "<group>"; };
		3105251E1E0979DD00E463A9 /* QJTabBarController.h */ = {isa = PBXFileReference; fileEncoding = 4; lastKnownFileType = sourcecode.c.h; path = QJTabBarController.h; sourceTree = "<group>"; };
		3105251F1E0979DD00E463A9 /* QJTabBarController.m */ = {isa = PBXFileReference; fileEncoding = 4; lastKnownFileType = sourcecode.c.objc; path = QJTabBarController.m; sourceTree = "<group>"; };
		310525211E097A2600E463A9 /* FirstViewController.h */ = {isa = PBXFileReference; fileEncoding = 4; lastKnownFileType = sourcecode.c.h; path = FirstViewController.h; sourceTree = "<group>"; };
		310525221E097A2600E463A9 /* FirstViewController.m */ = {isa = PBXFileReference; fileEncoding = 4; lastKnownFileType = sourcecode.c.objc; path = FirstViewController.m; sourceTree = "<group>"; };
		310525241E097A3700E463A9 /* ForthViewController.h */ = {isa = PBXFileReference; fileEncoding = 4; lastKnownFileType = sourcecode.c.h; path = ForthViewController.h; sourceTree = "<group>"; };
		310525251E097A3700E463A9 /* ForthViewController.m */ = {isa = PBXFileReference; fileEncoding = 4; lastKnownFileType = sourcecode.c.objc; path = ForthViewController.m; sourceTree = "<group>"; };
		310525271E097B9200E463A9 /* SecondViewController.h */ = {isa = PBXFileReference; fileEncoding = 4; lastKnownFileType = sourcecode.c.h; path = SecondViewController.h; sourceTree = "<group>"; };
		310525281E097B9200E463A9 /* SecondViewController.m */ = {isa = PBXFileReference; fileEncoding = 4; lastKnownFileType = sourcecode.c.objc; path = SecondViewController.m; sourceTree = "<group>"; };
		3105252A1E097B9C00E463A9 /* ThiedViewController.h */ = {isa = PBXFileReference; fileEncoding = 4; lastKnownFileType = sourcecode.c.h; path = ThiedViewController.h; sourceTree = "<group>"; };
		3105252B1E097B9C00E463A9 /* ThiedViewController.m */ = {isa = PBXFileReference; fileEncoding = 4; lastKnownFileType = sourcecode.c.objc; path = ThiedViewController.m; sourceTree = "<group>"; };
		31E458E61E096D8B00511D2B /* JinDaoProject.app */ = {isa = PBXFileReference; explicitFileType = wrapper.application; includeInIndex = 0; path = JinDaoProject.app; sourceTree = BUILT_PRODUCTS_DIR; };
		31E458EA1E096D8B00511D2B /* main.m */ = {isa = PBXFileReference; lastKnownFileType = sourcecode.c.objc; path = main.m; sourceTree = "<group>"; };
		31E458EC1E096D8B00511D2B /* AppDelegate.h */ = {isa = PBXFileReference; lastKnownFileType = sourcecode.c.h; path = AppDelegate.h; sourceTree = "<group>"; };
		31E458ED1E096D8B00511D2B /* AppDelegate.m */ = {isa = PBXFileReference; lastKnownFileType = sourcecode.c.objc; path = AppDelegate.m; sourceTree = "<group>"; };
		31E458EF1E096D8B00511D2B /* ViewController.h */ = {isa = PBXFileReference; lastKnownFileType = sourcecode.c.h; path = ViewController.h; sourceTree = "<group>"; };
		31E458F01E096D8B00511D2B /* ViewController.m */ = {isa = PBXFileReference; lastKnownFileType = sourcecode.c.objc; path = ViewController.m; sourceTree = "<group>"; };
		31E458F31E096D8B00511D2B /* Base */ = {isa = PBXFileReference; lastKnownFileType = file.storyboard; name = Base; path = Base.lproj/Main.storyboard; sourceTree = "<group>"; };
		31E458F61E096D8B00511D2B /* JinDaoProject.xcdatamodel */ = {isa = PBXFileReference; lastKnownFileType = wrapper.xcdatamodel; path = JinDaoProject.xcdatamodel; sourceTree = "<group>"; };
		31E458F81E096D8B00511D2B /* Assets.xcassets */ = {isa = PBXFileReference; lastKnownFileType = folder.assetcatalog; path = Assets.xcassets; sourceTree = "<group>"; };
		31E458FB1E096D8B00511D2B /* Base */ = {isa = PBXFileReference; lastKnownFileType = file.storyboard; name = Base; path = Base.lproj/LaunchScreen.storyboard; sourceTree = "<group>"; };
		31E458FD1E096D8B00511D2B /* Info.plist */ = {isa = PBXFileReference; lastKnownFileType = text.plist.xml; path = Info.plist; sourceTree = "<group>"; };
		31E459021E096D8B00511D2B /* JinDaoProjectTests.xctest */ = {isa = PBXFileReference; explicitFileType = wrapper.cfbundle; includeInIndex = 0; path = JinDaoProjectTests.xctest; sourceTree = BUILT_PRODUCTS_DIR; };
		31E459061E096D8B00511D2B /* JinDaoProjectTests.m */ = {isa = PBXFileReference; lastKnownFileType = sourcecode.c.objc; path = JinDaoProjectTests.m; sourceTree = "<group>"; };
		31E459081E096D8B00511D2B /* Info.plist */ = {isa = PBXFileReference; lastKnownFileType = text.plist.xml; path = Info.plist; sourceTree = "<group>"; };
		31E4590D1E096D8B00511D2B /* JinDaoProjectUITests.xctest */ = {isa = PBXFileReference; explicitFileType = wrapper.cfbundle; includeInIndex = 0; path = JinDaoProjectUITests.xctest; sourceTree = BUILT_PRODUCTS_DIR; };
		31E459111E096D8B00511D2B /* JinDaoProjectUITests.m */ = {isa = PBXFileReference; lastKnownFileType = sourcecode.c.objc; path = JinDaoProjectUITests.m; sourceTree = "<group>"; };
		31E459131E096D8B00511D2B /* Info.plist */ = {isa = PBXFileReference; lastKnownFileType = text.plist.xml; path = Info.plist; sourceTree = "<group>"; };
		54F1BE10F10B2D58D63C22AA /* Pods-JinDaoProject.release.xcconfig */ = {isa = PBXFileReference; includeInIndex = 1; lastKnownFileType = text.xcconfig; name = "Pods-JinDaoProject.release.xcconfig"; path = "Pods/Target Support Files/Pods-JinDaoProject/Pods-JinDaoProject.release.xcconfig"; sourceTree = "<group>"; };
		C97137A352E06540913B3E69 /* libPods-JinDaoProject.a */ = {isa = PBXFileReference; explicitFileType = archive.ar; includeInIndex = 0; path = "libPods-JinDaoProject.a"; sourceTree = BUILT_PRODUCTS_DIR; };
/* End PBXFileReference section */

/* Begin PBXFrameworksBuildPhase section */
		31E458E31E096D8B00511D2B /* Frameworks */ = {
			isa = PBXFrameworksBuildPhase;
			buildActionMask = 2147483647;
			files = (
				5ECECF0E8E1BED7AAEC906DD /* libPods-JinDaoProject.a in Frameworks */,
			);
			runOnlyForDeploymentPostprocessing = 0;
		};
		31E458FF1E096D8B00511D2B /* Frameworks */ = {
			isa = PBXFrameworksBuildPhase;
			buildActionMask = 2147483647;
			files = (
			);
			runOnlyForDeploymentPostprocessing = 0;
		};
		31E4590A1E096D8B00511D2B /* Frameworks */ = {
			isa = PBXFrameworksBuildPhase;
			buildActionMask = 2147483647;
			files = (
			);
			runOnlyForDeploymentPostprocessing = 0;
		};
/* End PBXFrameworksBuildPhase section */

/* Begin PBXGroup section */
		310524FB1E0978FD00E463A9 /* BaseViewController */ = {
			isa = PBXGroup;
			children = (
				310524FC1E0978FD00E463A9 /* BaseViewController */,
				310524FD1E0978FD00E463A9 /* UINavigationBar */,
				310524FE1E0978FD00E463A9 /* UITabbar */,
			);
			path = BaseViewController;
			sourceTree = "<group>";
		};
		310524FC1E0978FD00E463A9 /* BaseViewController */ = {
			isa = PBXGroup;
			children = (
				310525181E09793600E463A9 /* QJBaseViewController.h */,
				310525191E09793600E463A9 /* QJBaseViewController.m */,
			);
			path = BaseViewController;
			sourceTree = "<group>";
		};
		310524FD1E0978FD00E463A9 /* UINavigationBar */ = {
			isa = PBXGroup;
			children = (
				3105251B1E09797900E463A9 /* QJNavigationViewController.h */,
				3105251C1E09797900E463A9 /* QJNavigationViewController.m */,
			);
			path = UINavigationBar;
			sourceTree = "<group>";
		};
		310524FE1E0978FD00E463A9 /* UITabbar */ = {
			isa = PBXGroup;
			children = (
				3105251E1E0979DD00E463A9 /* QJTabBarController.h */,
				3105251F1E0979DD00E463A9 /* QJTabBarController.m */,
			);
			path = UITabbar;
			sourceTree = "<group>";
		};
		310524FF1E0978FD00E463A9 /* Category */ = {
			isa = PBXGroup;
			children = (
			);
			path = Category;
			sourceTree = "<group>";
		};
		310525001E0978FD00E463A9 /* FirstVC */ = {
			isa = PBXGroup;
			children = (
				310525011E0978FD00E463A9 /* Controller */,
				310525021E0978FD00E463A9 /* Model */,
				310525031E0978FD00E463A9 /* View */,
			);
			path = FirstVC;
			sourceTree = "<group>";
		};
		310525011E0978FD00E463A9 /* Controller */ = {
			isa = PBXGroup;
			children = (
				310525211E097A2600E463A9 /* FirstViewController.h */,
				310525221E097A2600E463A9 /* FirstViewController.m */,
			);
			path = Controller;
			sourceTree = "<group>";
		};
		310525021E0978FD00E463A9 /* Model */ = {
			isa = PBXGroup;
			children = (
			);
			path = Model;
			sourceTree = "<group>";
		};
		310525031E0978FD00E463A9 /* View */ = {
			isa = PBXGroup;
			children = (
			);
			path = View;
			sourceTree = "<group>";
		};
		310525041E0978FD00E463A9 /* ForthVC */ = {
			isa = PBXGroup;
			children = (
				310525051E0978FD00E463A9 /* Controller */,
				310525061E0978FD00E463A9 /* Model */,
				310525071E0978FD00E463A9 /* View */,
			);
			path = ForthVC;
			sourceTree = "<group>";
		};
		310525051E0978FD00E463A9 /* Controller */ = {
			isa = PBXGroup;
			children = (
				310525241E097A3700E463A9 /* ForthViewController.h */,
				310525251E097A3700E463A9 /* ForthViewController.m */,
			);
			path = Controller;
			sourceTree = "<group>";
		};
		310525061E0978FD00E463A9 /* Model */ = {
			isa = PBXGroup;
			children = (
			);
			path = Model;
			sourceTree = "<group>";
		};
		310525071E0978FD00E463A9 /* View */ = {
			isa = PBXGroup;
			children = (
			);
			path = View;
			sourceTree = "<group>";
		};
		310525101E0978FD00E463A9 /* SecondVC */ = {
			isa = PBXGroup;
			children = (
				310525111E0978FD00E463A9 /* Controller */,
				310525121E0978FD00E463A9 /* Model */,
				310525131E0978FD00E463A9 /* View */,
			);
			path = SecondVC;
			sourceTree = "<group>";
		};
		310525111E0978FD00E463A9 /* Controller */ = {
			isa = PBXGroup;
			children = (
				310525271E097B9200E463A9 /* SecondViewController.h */,
				310525281E097B9200E463A9 /* SecondViewController.m */,
			);
			path = Controller;
			sourceTree = "<group>";
		};
		310525121E0978FD00E463A9 /* Model */ = {
			isa = PBXGroup;
			children = (
			);
			path = Model;
			sourceTree = "<group>";
		};
		310525131E0978FD00E463A9 /* View */ = {
			isa = PBXGroup;
			children = (
			);
			path = View;
			sourceTree = "<group>";
		};
		310525141E0978FD00E463A9 /* ThirdVC */ = {
			isa = PBXGroup;
			children = (
				310525151E0978FD00E463A9 /* Controller */,
				310525161E0978FD00E463A9 /* Model */,
				310525171E0978FD00E463A9 /* View */,
			);
			path = ThirdVC;
			sourceTree = "<group>";
		};
		310525151E0978FD00E463A9 /* Controller */ = {
			isa = PBXGroup;
			children = (
				3105252A1E097B9C00E463A9 /* ThiedViewController.h */,
				3105252B1E097B9C00E463A9 /* ThiedViewController.m */,
			);
			path = Controller;
			sourceTree = "<group>";
		};
		310525161E0978FD00E463A9 /* Model */ = {
			isa = PBXGroup;
			children = (
			);
			path = Model;
			sourceTree = "<group>";
		};
		310525171E0978FD00E463A9 /* View */ = {
			isa = PBXGroup;
			children = (
			);
			path = View;
			sourceTree = "<group>";
		};
		31E458DD1E096D8B00511D2B = {
			isa = PBXGroup;
			children = (
				31E458E81E096D8B00511D2B /* JinDaoProject */,
				31E459051E096D8B00511D2B /* JinDaoProjectTests */,
				31E459101E096D8B00511D2B /* JinDaoProjectUITests */,
				31E458E71E096D8B00511D2B /* Products */,
				9D6092C2257C9A1FBA61599D /* Pods */,
				CDBDB5DEFD244183A21287D5 /* Frameworks */,
			);
			sourceTree = "<group>";
		};
		31E458E71E096D8B00511D2B /* Products */ = {
			isa = PBXGroup;
			children = (
				31E458E61E096D8B00511D2B /* JinDaoProject.app */,
				31E459021E096D8B00511D2B /* JinDaoProjectTests.xctest */,
				31E4590D1E096D8B00511D2B /* JinDaoProjectUITests.xctest */,
			);
			name = Products;
			sourceTree = "<group>";
		};
		31E458E81E096D8B00511D2B /* JinDaoProject */ = {
			isa = PBXGroup;
			children = (
				310524FB1E0978FD00E463A9 /* BaseViewController */,
				310524FF1E0978FD00E463A9 /* Category */,
				310525001E0978FD00E463A9 /* FirstVC */,
				310525041E0978FD00E463A9 /* ForthVC */,
				310525101E0978FD00E463A9 /* SecondVC */,
				310525141E0978FD00E463A9 /* ThirdVC */,
				31E458EC1E096D8B00511D2B /* AppDelegate.h */,
				31E458ED1E096D8B00511D2B /* AppDelegate.m */,
				31E458EF1E096D8B00511D2B /* ViewController.h */,
				31E458F01E096D8B00511D2B /* ViewController.m */,
				31E458F21E096D8B00511D2B /* Main.storyboard */,
				31E458F81E096D8B00511D2B /* Assets.xcassets */,
				31E458FA1E096D8B00511D2B /* LaunchScreen.storyboard */,
				31E458FD1E096D8B00511D2B /* Info.plist */,
				31E458F51E096D8B00511D2B /* JinDaoProject.xcdatamodeld */,
				31E458E91E096D8B00511D2B /* Supporting Files */,
			);
			path = JinDaoProject;
			sourceTree = "<group>";
		};
		31E458E91E096D8B00511D2B /* Supporting Files */ = {
			isa = PBXGroup;
			children = (
				31E458EA1E096D8B00511D2B /* main.m */,
			);
			name = "Supporting Files";
			sourceTree = "<group>";
		};
		31E459051E096D8B00511D2B /* JinDaoProjectTests */ = {
			isa = PBXGroup;
			children = (
				31E459061E096D8B00511D2B /* JinDaoProjectTests.m */,
				31E459081E096D8B00511D2B /* Info.plist */,
			);
			path = JinDaoProjectTests;
			sourceTree = "<group>";
		};
		31E459101E096D8B00511D2B /* JinDaoProjectUITests */ = {
			isa = PBXGroup;
			children = (
				31E459111E096D8B00511D2B /* JinDaoProjectUITests.m */,
				31E459131E096D8B00511D2B /* Info.plist */,
			);
			path = JinDaoProjectUITests;
			sourceTree = "<group>";
		};
		9D6092C2257C9A1FBA61599D /* Pods */ = {
			isa = PBXGroup;
			children = (
				27CFFBC833D9D4575F6F9F20 /* Pods-JinDaoProject.debug.xcconfig */,
				54F1BE10F10B2D58D63C22AA /* Pods-JinDaoProject.release.xcconfig */,
			);
			name = Pods;
			sourceTree = "<group>";
		};
		CDBDB5DEFD244183A21287D5 /* Frameworks */ = {
			isa = PBXGroup;
			children = (
				C97137A352E06540913B3E69 /* libPods-JinDaoProject.a */,
			);
			name = Frameworks;
			sourceTree = "<group>";
		};
/* End PBXGroup section */

/* Begin PBXNativeTarget section */
		31E458E51E096D8B00511D2B /* JinDaoProject */ = {
			isa = PBXNativeTarget;
			buildConfigurationList = 31E459161E096D8B00511D2B /* Build configuration list for PBXNativeTarget "JinDaoProject" */;
			buildPhases = (
				16D51C76C68D6E3ADA6E3B54 /* [CP] Check Pods Manifest.lock */,
				31E458E21E096D8B00511D2B /* Sources */,
				31E458E31E096D8B00511D2B /* Frameworks */,
				31E458E41E096D8B00511D2B /* Resources */,
				4001F5FA3FC2B0BA19752F95 /* [CP] Embed Pods Frameworks */,
				A5E7F6341CB9DDEBECF50B1E /* [CP] Copy Pods Resources */,
			);
			buildRules = (
			);
			dependencies = (
			);
			name = JinDaoProject;
			productName = JinDaoProject;
			productReference = 31E458E61E096D8B00511D2B /* JinDaoProject.app */;
			productType = "com.apple.product-type.application";
		};
		31E459011E096D8B00511D2B /* JinDaoProjectTests */ = {
			isa = PBXNativeTarget;
			buildConfigurationList = 31E459191E096D8B00511D2B /* Build configuration list for PBXNativeTarget "JinDaoProjectTests" */;
			buildPhases = (
				31E458FE1E096D8B00511D2B /* Sources */,
				31E458FF1E096D8B00511D2B /* Frameworks */,
				31E459001E096D8B00511D2B /* Resources */,
			);
			buildRules = (
			);
			dependencies = (
				31E459041E096D8B00511D2B /* PBXTargetDependency */,
			);
			name = JinDaoProjectTests;
			productName = JinDaoProjectTests;
			productReference = 31E459021E096D8B00511D2B /* JinDaoProjectTests.xctest */;
			productType = "com.apple.product-type.bundle.unit-test";
		};
		31E4590C1E096D8B00511D2B /* JinDaoProjectUITests */ = {
			isa = PBXNativeTarget;
			buildConfigurationList = 31E4591C1E096D8B00511D2B /* Build configuration list for PBXNativeTarget "JinDaoProjectUITests" */;
			buildPhases = (
				31E459091E096D8B00511D2B /* Sources */,
				31E4590A1E096D8B00511D2B /* Frameworks */,
				31E4590B1E096D8B00511D2B /* Resources */,
			);
			buildRules = (
			);
			dependencies = (
				31E4590F1E096D8B00511D2B /* PBXTargetDependency */,
			);
			name = JinDaoProjectUITests;
			productName = JinDaoProjectUITests;
			productReference = 31E4590D1E096D8B00511D2B /* JinDaoProjectUITests.xctest */;
			productType = "com.apple.product-type.bundle.ui-testing";
		};
/* End PBXNativeTarget section */

/* Begin PBXProject section */
		31E458DE1E096D8B00511D2B /* Project object */ = {
			isa = PBXProject;
			attributes = {
				LastUpgradeCheck = 0820;
				ORGANIZATIONNAME = Mr.J;
				TargetAttributes = {
					31E458E51E096D8B00511D2B = {
						CreatedOnToolsVersion = 8.2;
						DevelopmentTeam = ESVS6W6VJC;
						ProvisioningStyle = Automatic;
					};
					31E459011E096D8B00511D2B = {
						CreatedOnToolsVersion = 8.2;
						ProvisioningStyle = Automatic;
						TestTargetID = 31E458E51E096D8B00511D2B;
					};
					31E4590C1E096D8B00511D2B = {
						CreatedOnToolsVersion = 8.2;
						ProvisioningStyle = Automatic;
						TestTargetID = 31E458E51E096D8B00511D2B;
					};
				};
			};
			buildConfigurationList = 31E458E11E096D8B00511D2B /* Build configuration list for PBXProject "JinDaoProject" */;
			compatibilityVersion = "Xcode 3.2";
			developmentRegion = English;
			hasScannedForEncodings = 0;
			knownRegions = (
				en,
				Base,
			);
			mainGroup = 31E458DD1E096D8B00511D2B;
			productRefGroup = 31E458E71E096D8B00511D2B /* Products */;
			projectDirPath = "";
			projectRoot = "";
			targets = (
				31E458E51E096D8B00511D2B /* JinDaoProject */,
				31E459011E096D8B00511D2B /* JinDaoProjectTests */,
				31E4590C1E096D8B00511D2B /* JinDaoProjectUITests */,
			);
		};
/* End PBXProject section */

/* Begin PBXResourcesBuildPhase section */
		31E458E41E096D8B00511D2B /* Resources */ = {
			isa = PBXResourcesBuildPhase;
			buildActionMask = 2147483647;
			files = (
				31E458FC1E096D8B00511D2B /* LaunchScreen.storyboard in Resources */,
				31E458F91E096D8B00511D2B /* Assets.xcassets in Resources */,
				31E458F41E096D8B00511D2B /* Main.storyboard in Resources */,
			);
			runOnlyForDeploymentPostprocessing = 0;
		};
		31E459001E096D8B00511D2B /* Resources */ = {
			isa = PBXResourcesBuildPhase;
			buildActionMask = 2147483647;
			files = (
			);
			runOnlyForDeploymentPostprocessing = 0;
		};
		31E4590B1E096D8B00511D2B /* Resources */ = {
			isa = PBXResourcesBuildPhase;
			buildActionMask = 2147483647;
			files = (
			);
			runOnlyForDeploymentPostprocessing = 0;
		};
/* End PBXResourcesBuildPhase section */

/* Begin PBXShellScriptBuildPhase section */
		16D51C76C68D6E3ADA6E3B54 /* [CP] Check Pods Manifest.lock */ = {
			isa = PBXShellScriptBuildPhase;
			buildActionMask = 2147483647;
			files = (
			);
			inputPaths = (
			);
			name = "[CP] Check Pods Manifest.lock";
			outputPaths = (
			);
			runOnlyForDeploymentPostprocessing = 0;
			shellPath = /bin/sh;
			shellScript = "diff \"${PODS_ROOT}/../Podfile.lock\" \"${PODS_ROOT}/Manifest.lock\" > /dev/null\nif [ $? != 0 ] ; then\n    # print error to STDERR\n    echo \"error: The sandbox is not in sync with the Podfile.lock. Run 'pod install' or update your CocoaPods installation.\" >&2\n    exit 1\nfi\n";
			showEnvVarsInLog = 0;
		};
		4001F5FA3FC2B0BA19752F95 /* [CP] Embed Pods Frameworks */ = {
			isa = PBXShellScriptBuildPhase;
			buildActionMask = 2147483647;
			files = (
			);
			inputPaths = (
			);
			name = "[CP] Embed Pods Frameworks";
			outputPaths = (
			);
			runOnlyForDeploymentPostprocessing = 0;
			shellPath = /bin/sh;
			shellScript = "\"${SRCROOT}/Pods/Target Support Files/Pods-JinDaoProject/Pods-JinDaoProject-frameworks.sh\"\n";
			showEnvVarsInLog = 0;
		};
		A5E7F6341CB9DDEBECF50B1E /* [CP] Copy Pods Resources */ = {
			isa = PBXShellScriptBuildPhase;
			buildActionMask = 2147483647;
			files = (
			);
			inputPaths = (
			);
			name = "[CP] Copy Pods Resources";
			outputPaths = (
			);
			runOnlyForDeploymentPostprocessing = 0;
			shellPath = /bin/sh;
			shellScript = "\"${SRCROOT}/Pods/Target Support Files/Pods-JinDaoProject/Pods-JinDaoProject-resources.sh\"\n";
			showEnvVarsInLog = 0;
		};
/* End PBXShellScriptBuildPhase section */

/* Begin PBXSourcesBuildPhase section */
		31E458E21E096D8B00511D2B /* Sources */ = {
			isa = PBXSourcesBuildPhase;
			buildActionMask = 2147483647;
			files = (
				310525291E097B9200E463A9 /* SecondViewController.m in Sources */,
				31E458F11E096D8B00511D2B /* ViewController.m in Sources */,
				31E458EE1E096D8B00511D2B /* AppDelegate.m in Sources */,
				310525261E097A3700E463A9 /* ForthViewController.m in Sources */,
				3105252C1E097B9C00E463A9 /* ThiedViewController.m in Sources */,
				3105251A1E09793600E463A9 /* QJBaseViewController.m in Sources */,
				3105251D1E09797900E463A9 /* QJNavigationViewController.m in Sources */,
				31E458F71E096D8B00511D2B /* JinDaoProject.xcdatamodeld in Sources */,
				31E458EB1E096D8B00511D2B /* main.m in Sources */,
				310525201E0979DD00E463A9 /* QJTabBarController.m in Sources */,
				310525231E097A2600E463A9 /* FirstViewController.m in Sources */,
			);
			runOnlyForDeploymentPostprocessing = 0;
		};
		31E458FE1E096D8B00511D2B /* Sources */ = {
			isa = PBXSourcesBuildPhase;
			buildActionMask = 2147483647;
			files = (
				31E459071E096D8B00511D2B /* JinDaoProjectTests.m in Sources */,
			);
			runOnlyForDeploymentPostprocessing = 0;
		};
		31E459091E096D8B00511D2B /* Sources */ = {
			isa = PBXSourcesBuildPhase;
			buildActionMask = 2147483647;
			files = (
				31E459121E096D8B00511D2B /* JinDaoProjectUITests.m in Sources */,
			);
			runOnlyForDeploymentPostprocessing = 0;
		};
/* End PBXSourcesBuildPhase section */

/* Begin PBXTargetDependency section */
		31E459041E096D8B00511D2B /* PBXTargetDependency */ = {
			isa = PBXTargetDependency;
			target = 31E458E51E096D8B00511D2B /* JinDaoProject */;
			targetProxy = 31E459031E096D8B00511D2B /* PBXContainerItemProxy */;
		};
		31E4590F1E096D8B00511D2B /* PBXTargetDependency */ = {
			isa = PBXTargetDependency;
			target = 31E458E51E096D8B00511D2B /* JinDaoProject */;
			targetProxy = 31E4590E1E096D8B00511D2B /* PBXContainerItemProxy */;
		};
/* End PBXTargetDependency section */

/* Begin PBXVariantGroup section */
		31E458F21E096D8B00511D2B /* Main.storyboard */ = {
			isa = PBXVariantGroup;
			children = (
				31E458F31E096D8B00511D2B /* Base */,
			);
			name = Main.storyboard;
			sourceTree = "<group>";
		};
		31E458FA1E096D8B00511D2B /* LaunchScreen.storyboard */ = {
			isa = PBXVariantGroup;
			children = (
				31E458FB1E096D8B00511D2B /* Base */,
			);
			name = LaunchScreen.storyboard;
			sourceTree = "<group>";
		};
/* End PBXVariantGroup section */

/* Begin XCBuildConfiguration section */
		31E459141E096D8B00511D2B /* Debug */ = {
			isa = XCBuildConfiguration;
			buildSettings = {
				ALWAYS_SEARCH_USER_PATHS = NO;
				CLANG_ANALYZER_NONNULL = YES;
				CLANG_CXX_LANGUAGE_STANDARD = "gnu++0x";
				CLANG_CXX_LIBRARY = "libc++";
				CLANG_ENABLE_MODULES = YES;
				CLANG_ENABLE_OBJC_ARC = YES;
				CLANG_WARN_BOOL_CONVERSION = YES;
				CLANG_WARN_CONSTANT_CONVERSION = YES;
				CLANG_WARN_DIRECT_OBJC_ISA_USAGE = YES_ERROR;
				CLANG_WARN_DOCUMENTATION_COMMENTS = YES;
				CLANG_WARN_EMPTY_BODY = YES;
				CLANG_WARN_ENUM_CONVERSION = YES;
				CLANG_WARN_INFINITE_RECURSION = YES;
				CLANG_WARN_INT_CONVERSION = YES;
				CLANG_WARN_OBJC_ROOT_CLASS = YES_ERROR;
				CLANG_WARN_SUSPICIOUS_MOVE = YES;
				CLANG_WARN_UNREACHABLE_CODE = YES;
				CLANG_WARN__DUPLICATE_METHOD_MATCH = YES;
				"CODE_SIGN_IDENTITY[sdk=iphoneos*]" = "iPhone Developer";
				COPY_PHASE_STRIP = NO;
				DEBUG_INFORMATION_FORMAT = dwarf;
				ENABLE_STRICT_OBJC_MSGSEND = YES;
				ENABLE_TESTABILITY = YES;
				GCC_C_LANGUAGE_STANDARD = gnu99;
				GCC_DYNAMIC_NO_PIC = NO;
				GCC_NO_COMMON_BLOCKS = YES;
				GCC_OPTIMIZATION_LEVEL = 0;
				GCC_PREPROCESSOR_DEFINITIONS = (
					"DEBUG=1",
					"$(inherited)",
				);
				GCC_WARN_64_TO_32_BIT_CONVERSION = YES;
				GCC_WARN_ABOUT_RETURN_TYPE = YES_ERROR;
				GCC_WARN_UNDECLARED_SELECTOR = YES;
				GCC_WARN_UNINITIALIZED_AUTOS = YES_AGGRESSIVE;
				GCC_WARN_UNUSED_FUNCTION = YES;
				GCC_WARN_UNUSED_VARIABLE = YES;
				IPHONEOS_DEPLOYMENT_TARGET = 10.2;
				MTL_ENABLE_DEBUG_INFO = YES;
				ONLY_ACTIVE_ARCH = YES;
				SDKROOT = iphoneos;
			};
			name = Debug;
		};
		31E459151E096D8B00511D2B /* Release */ = {
			isa = XCBuildConfiguration;
			buildSettings = {
				ALWAYS_SEARCH_USER_PATHS = NO;
				CLANG_ANALYZER_NONNULL = YES;
				CLANG_CXX_LANGUAGE_STANDARD = "gnu++0x";
				CLANG_CXX_LIBRARY = "libc++";
				CLANG_ENABLE_MODULES = YES;
				CLANG_ENABLE_OBJC_ARC = YES;
				CLANG_WARN_BOOL_CONVERSION = YES;
				CLANG_WARN_CONSTANT_CONVERSION = YES;
				CLANG_WARN_DIRECT_OBJC_ISA_USAGE = YES_ERROR;
				CLANG_WARN_DOCUMENTATION_COMMENTS = YES;
				CLANG_WARN_EMPTY_BODY = YES;
				CLANG_WARN_ENUM_CONVERSION = YES;
				CLANG_WARN_INFINITE_RECURSION = YES;
				CLANG_WARN_INT_CONVERSION = YES;
				CLANG_WARN_OBJC_ROOT_CLASS = YES_ERROR;
				CLANG_WARN_SUSPICIOUS_MOVE = YES;
				CLANG_WARN_UNREACHABLE_CODE = YES;
				CLANG_WARN__DUPLICATE_METHOD_MATCH = YES;
				"CODE_SIGN_IDENTITY[sdk=iphoneos*]" = "iPhone Developer";
				COPY_PHASE_STRIP = NO;
				DEBUG_INFORMATION_FORMAT = "dwarf-with-dsym";
				ENABLE_NS_ASSERTIONS = NO;
				ENABLE_STRICT_OBJC_MSGSEND = YES;
				GCC_C_LANGUAGE_STANDARD = gnu99;
				GCC_NO_COMMON_BLOCKS = YES;
				GCC_WARN_64_TO_32_BIT_CONVERSION = YES;
				GCC_WARN_ABOUT_RETURN_TYPE = YES_ERROR;
				GCC_WARN_UNDECLARED_SELECTOR = YES;
				GCC_WARN_UNINITIALIZED_AUTOS = YES_AGGRESSIVE;
				GCC_WARN_UNUSED_FUNCTION = YES;
				GCC_WARN_UNUSED_VARIABLE = YES;
				IPHONEOS_DEPLOYMENT_TARGET = 10.2;
				MTL_ENABLE_DEBUG_INFO = NO;
				SDKROOT = iphoneos;
				VALIDATE_PRODUCT = YES;
			};
			name = Release;
		};
		31E459171E096D8B00511D2B /* Debug */ = {
			isa = XCBuildConfiguration;
			baseConfigurationReference = 27CFFBC833D9D4575F6F9F20 /* Pods-JinDaoProject.debug.xcconfig */;
			buildSettings = {
				ASSETCATALOG_COMPILER_APPICON_NAME = AppIcon;
				DEVELOPMENT_TEAM = ESVS6W6VJC;
				INFOPLIST_FILE = JinDaoProject/Info.plist;
				IPHONEOS_DEPLOYMENT_TARGET = 8.0;
				LD_RUNPATH_SEARCH_PATHS = "$(inherited) @executable_path/Frameworks";
				PRODUCT_BUNDLE_IDENTIFIER = Mr.J.JinDaoProject;
				PRODUCT_NAME = "$(TARGET_NAME)";
			};
			name = Debug;
		};
		31E459181E096D8B00511D2B /* Release */ = {
			isa = XCBuildConfiguration;
			baseConfigurationReference = 54F1BE10F10B2D58D63C22AA /* Pods-JinDaoProject.release.xcconfig */;
			buildSettings = {
				ASSETCATALOG_COMPILER_APPICON_NAME = AppIcon;
				DEVELOPMENT_TEAM = ESVS6W6VJC;
				INFOPLIST_FILE = JinDaoProject/Info.plist;
				IPHONEOS_DEPLOYMENT_TARGET = 8.0;
				LD_RUNPATH_SEARCH_PATHS = "$(inherited) @executable_path/Frameworks";
				PRODUCT_BUNDLE_IDENTIFIER = Mr.J.JinDaoProject;
				PRODUCT_NAME = "$(TARGET_NAME)";
			};
			name = Release;
		};
		31E4591A1E096D8B00511D2B /* Debug */ = {
			isa = XCBuildConfiguration;
			buildSettings = {
				BUNDLE_LOADER = "$(TEST_HOST)";
				INFOPLIST_FILE = JinDaoProjectTests/Info.plist;
				LD_RUNPATH_SEARCH_PATHS = "$(inherited) @executable_path/Frameworks @loader_path/Frameworks";
				PRODUCT_BUNDLE_IDENTIFIER = Mr.J.JinDaoProjectTests;
				PRODUCT_NAME = "$(TARGET_NAME)";
				TEST_HOST = "$(BUILT_PRODUCTS_DIR)/JinDaoProject.app/JinDaoProject";
			};
			name = Debug;
		};
		31E4591B1E096D8B00511D2B /* Release */ = {
			isa = XCBuildConfiguration;
			buildSettings = {
				BUNDLE_LOADER = "$(TEST_HOST)";
				INFOPLIST_FILE = JinDaoProjectTests/Info.plist;
				LD_RUNPATH_SEARCH_PATHS = "$(inherited) @executable_path/Frameworks @loader_path/Frameworks";
				PRODUCT_BUNDLE_IDENTIFIER = Mr.J.JinDaoProjectTests;
				PRODUCT_NAME = "$(TARGET_NAME)";
				TEST_HOST = "$(BUILT_PRODUCTS_DIR)/JinDaoProject.app/JinDaoProject";
			};
			name = Release;
		};
		31E4591D1E096D8B00511D2B /* Debug */ = {
			isa = XCBuildConfiguration;
			buildSettings = {
				INFOPLIST_FILE = JinDaoProjectUITests/Info.plist;
				LD_RUNPATH_SEARCH_PATHS = "$(inherited) @executable_path/Frameworks @loader_path/Frameworks";
				PRODUCT_BUNDLE_IDENTIFIER = Mr.J.JinDaoProjectUITests;
				PRODUCT_NAME = "$(TARGET_NAME)";
				TEST_TARGET_NAME = JinDaoProject;
			};
			name = Debug;
		};
		31E4591E1E096D8B00511D2B /* Release */ = {
			isa = XCBuildConfiguration;
			buildSettings = {
				INFOPLIST_FILE = JinDaoProjectUITests/Info.plist;
				LD_RUNPATH_SEARCH_PATHS = "$(inherited) @executable_path/Frameworks @loader_path/Frameworks";
				PRODUCT_BUNDLE_IDENTIFIER = Mr.J.JinDaoProjectUITests;
				PRODUCT_NAME = "$(TARGET_NAME)";
				TEST_TARGET_NAME = JinDaoProject;
			};
			name = Release;
		};
/* End XCBuildConfiguration section */

/* Begin XCConfigurationList section */
		31E458E11E096D8B00511D2B /* Build configuration list for PBXProject "JinDaoProject" */ = {
			isa = XCConfigurationList;
			buildConfigurations = (
				31E459141E096D8B00511D2B /* Debug */,
				31E459151E096D8B00511D2B /* Release */,
			);
			defaultConfigurationIsVisible = 0;
			defaultConfigurationName = Release;
		};
		31E459161E096D8B00511D2B /* Build configuration list for PBXNativeTarget "JinDaoProject" */ = {
			isa = XCConfigurationList;
			buildConfigurations = (
				31E459171E096D8B00511D2B /* Debug */,
				31E459181E096D8B00511D2B /* Release */,
			);
			defaultConfigurationIsVisible = 0;
			defaultConfigurationName = Release;
		};
		31E459191E096D8B00511D2B /* Build configuration list for PBXNativeTarget "JinDaoProjectTests" */ = {
			isa = XCConfigurationList;
			buildConfigurations = (
				31E4591A1E096D8B00511D2B /* Debug */,
				31E4591B1E096D8B00511D2B /* Release */,
			);
			defaultConfigurationIsVisible = 0;
			defaultConfigurationName = Release;
		};
		31E4591C1E096D8B00511D2B /* Build configuration list for PBXNativeTarget "JinDaoProjectUITests" */ = {
			isa = XCConfigurationList;
			buildConfigurations = (
				31E4591D1E096D8B00511D2B /* Debug */,
				31E4591E1E096D8B00511D2B /* Release */,
			);
			defaultConfigurationIsVisible = 0;
			defaultConfigurationName = Release;
		};
/* End XCConfigurationList section */

/* Begin XCVersionGroup section */
		31E458F51E096D8B00511D2B /* JinDaoProject.xcdatamodeld */ = {
			isa = XCVersionGroup;
			children = (
				31E458F61E096D8B00511D2B /* JinDaoProject.xcdatamodel */,
			);
			currentVersion = 31E458F61E096D8B00511D2B /* JinDaoProject.xcdatamodel */;
			path = JinDaoProject.xcdatamodeld;
			sourceTree = "<group>";
			versionGroupType = wrapper.xcdatamodel;
		};
/* End XCVersionGroup section */
	};
	rootObject = 31E458DE1E096D8B00511D2B /* Project object */;
}
